// !$*UTF8*$!
{
	archiveVersion = 1;
	classes = {
	};
	objectVersion = 77;
	objects = {

/* Begin PBXContainerItemProxy section */
		F8532B082D55FAF800A529A4 /* PBXContainerItemProxy */ = {
			isa = PBXContainerItemProxy;
			containerPortal = F8532AED2D55FAF700A529A4 /* Project object */;
			proxyType = 1;
			remoteGlobalIDString = F8532AF42D55FAF700A529A4;
			remoteInfo = DigitalWalletPrototype;
		};
		F8532B122D55FAF800A529A4 /* PBXContainerItemProxy */ = {
			isa = PBXContainerItemProxy;
			containerPortal = F8532AED2D55FAF700A529A4 /* Project object */;
			proxyType = 1;
			remoteGlobalIDString = F8532AF42D55FAF700A529A4;
			remoteInfo = DigitalWalletPrototype;
		};
/* End PBXContainerItemProxy section */

/* Begin PBXFileReference section */
		F8532AF52D55FAF700A529A4 /* DigitalWalletPrototype.app */ = {isa = PBXFileReference; explicitFileType = wrapper.application; includeInIndex = 0; path = DigitalWalletPrototype.app; sourceTree = BUILT_PRODUCTS_DIR; };
		F8532B072D55FAF800A529A4 /* DigitalWalletPrototypeTests.xctest */ = {isa = PBXFileReference; explicitFileType = wrapper.cfbundle; includeInIndex = 0; path = DigitalWalletPrototypeTests.xctest; sourceTree = BUILT_PRODUCTS_DIR; };
		F8532B112D55FAF800A529A4 /* DigitalWalletPrototypeUITests.xctest */ = {isa = PBXFileReference; explicitFileType = wrapper.cfbundle; includeInIndex = 0; path = DigitalWalletPrototypeUITests.xctest; sourceTree = BUILT_PRODUCTS_DIR; };
/* End PBXFileReference section */

/* Begin PBXFileSystemSynchronizedRootGroup section */
		F8532AF72D55FAF700A529A4 /* DigitalWalletPrototype */ = {
			isa = PBXFileSystemSynchronizedRootGroup;
			path = DigitalWalletPrototype;
			sourceTree = "<group>";
		};
		F8532B0A2D55FAF800A529A4 /* DigitalWalletPrototypeTests */ = {
			isa = PBXFileSystemSynchronizedRootGroup;
			path = DigitalWalletPrototypeTests;
			sourceTree = "<group>";
		};
		F8532B142D55FAF800A529A4 /* DigitalWalletPrototypeUITests */ = {
			isa = PBXFileSystemSynchronizedRootGroup;
			path = DigitalWalletPrototypeUITests;
			sourceTree = "<group>";
		};
/* End PBXFileSystemSynchronizedRootGroup section */

/* Begin PBXFrameworksBuildPhase section */
		F8532AF22D55FAF700A529A4 /* Frameworks */ = {
			isa = PBXFrameworksBuildPhase;
			buildActionMask = 2147483647;
			files = (
			);
			runOnlyForDeploymentPostprocessing = 0;
		};
		F8532B042D55FAF800A529A4 /* Frameworks */ = {
			isa = PBXFrameworksBuildPhase;
			buildActionMask = 2147483647;
			files = (
			);
			runOnlyForDeploymentPostprocessing = 0;
		};
		F8532B0E2D55FAF800A529A4 /* Frameworks */ = {
			isa = PBXFrameworksBuildPhase;
			buildActionMask = 2147483647;
			files = (
			);
			runOnlyForDeploymentPostprocessing = 0;
		};
/* End PBXFrameworksBuildPhase section */

/* Begin PBXGroup section */
		F8532AEC2D55FAF700A529A4 = {
			isa = PBXGroup;
			children = (
				F8532AF72D55FAF700A529A4 /* DigitalWalletPrototype */,
				F8532B0A2D55FAF800A529A4 /* DigitalWalletPrototypeTests */,
				F8532B142D55FAF800A529A4 /* DigitalWalletPrototypeUITests */,
				F8532AF62D55FAF700A529A4 /* Products */,
			);
			sourceTree = "<group>";
		};
		F8532AF62D55FAF700A529A4 /* Products */ = {
			isa = PBXGroup;
			children = (
				F8532AF52D55FAF700A529A4 /* DigitalWalletPrototype.app */,
				F8532B072D55FAF800A529A4 /* DigitalWalletPrototypeTests.xctest */,
				F8532B112D55FAF800A529A4 /* DigitalWalletPrototypeUITests.xctest */,
			);
			name = Products;
			sourceTree = "<group>";
		};
/* End PBXGroup section */

/* Begin PBXNativeTarget section */
		F8532AF42D55FAF700A529A4 /* DigitalWalletPrototype */ = {
			isa = PBXNativeTarget;
			buildConfigurationList = F8532B1B2D55FAF800A529A4 /* Build configuration list for PBXNativeTarget "DigitalWalletPrototype" */;
			buildPhases = (
				F8532AF12D55FAF700A529A4 /* Sources */,
				F8532AF22D55FAF700A529A4 /* Frameworks */,
				F8532AF32D55FAF700A529A4 /* Resources */,
			);
			buildRules = (
			);
			dependencies = (
			);
			fileSystemSynchronizedGroups = (
				F8532AF72D55FAF700A529A4 /* DigitalWalletPrototype */,
			);
			name = DigitalWalletPrototype;
			packageProductDependencies = (
			);
			productName = DigitalWalletPrototype;
			productReference = F8532AF52D55FAF700A529A4 /* DigitalWalletPrototype.app */;
			productType = "com.apple.product-type.application";
		};
		F8532B062D55FAF800A529A4 /* DigitalWalletPrototypeTests */ = {
			isa = PBXNativeTarget;
			buildConfigurationList = F8532B1E2D55FAF800A529A4 /* Build configuration list for PBXNativeTarget "DigitalWalletPrototypeTests" */;
			buildPhases = (
				F8532B032D55FAF800A529A4 /* Sources */,
				F8532B042D55FAF800A529A4 /* Frameworks */,
				F8532B052D55FAF800A529A4 /* Resources */,
			);
			buildRules = (
			);
			dependencies = (
				F8532B092D55FAF800A529A4 /* PBXTargetDependency */,
			);
			fileSystemSynchronizedGroups = (
				F8532B0A2D55FAF800A529A4 /* DigitalWalletPrototypeTests */,
			);
			name = DigitalWalletPrototypeTests;
			packageProductDependencies = (
			);
			productName = DigitalWalletPrototypeTests;
			productReference = F8532B072D55FAF800A529A4 /* DigitalWalletPrototypeTests.xctest */;
			productType = "com.apple.product-type.bundle.unit-test";
		};
		F8532B102D55FAF800A529A4 /* DigitalWalletPrototypeUITests */ = {
			isa = PBXNativeTarget;
			buildConfigurationList = F8532B212D55FAF800A529A4 /* Build configuration list for PBXNativeTarget "DigitalWalletPrototypeUITests" */;
			buildPhases = (
				F8532B0D2D55FAF800A529A4 /* Sources */,
				F8532B0E2D55FAF800A529A4 /* Frameworks */,
				F8532B0F2D55FAF800A529A4 /* Resources */,
			);
			buildRules = (
			);
			dependencies = (
				F8532B132D55FAF800A529A4 /* PBXTargetDependency */,
			);
			fileSystemSynchronizedGroups = (
				F8532B142D55FAF800A529A4 /* DigitalWalletPrototypeUITests */,
			);
			name = DigitalWalletPrototypeUITests;
			packageProductDependencies = (
			);
			productName = DigitalWalletPrototypeUITests;
			productReference = F8532B112D55FAF800A529A4 /* DigitalWalletPrototypeUITests.xctest */;
			productType = "com.apple.product-type.bundle.ui-testing";
		};
/* End PBXNativeTarget section */

/* Begin PBXProject section */
		F8532AED2D55FAF700A529A4 /* Project object */ = {
			isa = PBXProject;
			attributes = {
				BuildIndependentTargetsInParallel = 1;
				LastSwiftUpdateCheck = 1620;
				LastUpgradeCheck = 1620;
				TargetAttributes = {
					F8532AF42D55FAF700A529A4 = {
						CreatedOnToolsVersion = 16.2;
					};
					F8532B062D55FAF800A529A4 = {
						CreatedOnToolsVersion = 16.2;
						TestTargetID = F8532AF42D55FAF700A529A4;
					};
					F8532B102D55FAF800A529A4 = {
						CreatedOnToolsVersion = 16.2;
						TestTargetID = F8532AF42D55FAF700A529A4;
					};
				};
			};
			buildConfigurationList = F8532AF02D55FAF700A529A4 /* Build configuration list for PBXProject "DigitalWalletPrototype" */;
			developmentRegion = en;
			hasScannedForEncodings = 0;
			knownRegions = (
				en,
				Base,
			);
			mainGroup = F8532AEC2D55FAF700A529A4;
			minimizedProjectReferenceProxies = 1;
			preferredProjectObjectVersion = 77;
			productRefGroup = F8532AF62D55FAF700A529A4 /* Products */;
			projectDirPath = "";
			projectRoot = "";
			targets = (
				F8532AF42D55FAF700A529A4 /* DigitalWalletPrototype */,
				F8532B062D55FAF800A529A4 /* DigitalWalletPrototypeTests */,
				F8532B102D55FAF800A529A4 /* DigitalWalletPrototypeUITests */,
			);
		};
/* End PBXProject section */

/* Begin PBXResourcesBuildPhase section */
		F8532AF32D55FAF700A529A4 /* Resources */ = {
			isa = PBXResourcesBuildPhase;
			buildActionMask = 2147483647;
			files = (
			);
			runOnlyForDeploymentPostprocessing = 0;
		};
		F8532B052D55FAF800A529A4 /* Resources */ = {
			isa = PBXResourcesBuildPhase;
			buildActionMask = 2147483647;
			files = (
			);
			runOnlyForDeploymentPostprocessing = 0;
		};
		F8532B0F2D55FAF800A529A4 /* Resources */ = {
			isa = PBXResourcesBuildPhase;
			buildActionMask = 2147483647;
			files = (
			);
			runOnlyForDeploymentPostprocessing = 0;
		};
/* End PBXResourcesBuildPhase section */

/* Begin PBXSourcesBuildPhase section */
		F8532AF12D55FAF700A529A4 /* Sources */ = {
			isa = PBXSourcesBuildPhase;
			buildActionMask = 2147483647;
			files = (
			);
			runOnlyForDeploymentPostprocessing = 0;
		};
		F8532B032D55FAF800A529A4 /* Sources */ = {
			isa = PBXSourcesBuildPhase;
			buildActionMask = 2147483647;
			files = (
			);
			runOnlyForDeploymentPostprocessing = 0;
		};
		F8532B0D2D55FAF800A529A4 /* Sources */ = {
			isa = PBXSourcesBuildPhase;
			buildActionMask = 2147483647;
			files = (
			);
			runOnlyForDeploymentPostprocessing = 0;
		};
/* End PBXSourcesBuildPhase section */

/* Begin PBXTargetDependency section */
		F8532B092D55FAF800A529A4 /* PBXTargetDependency */ = {
			isa = PBXTargetDependency;
			target = F8532AF42D55FAF700A529A4 /* DigitalWalletPrototype */;
			targetProxy = F8532B082D55FAF800A529A4 /* PBXContainerItemProxy */;
		};
		F8532B132D55FAF800A529A4 /* PBXTargetDependency */ = {
			isa = PBXTargetDependency;
			target = F8532AF42D55FAF700A529A4 /* DigitalWalletPrototype */;
			targetProxy = F8532B122D55FAF800A529A4 /* PBXContainerItemProxy */;
		};
/* End PBXTargetDependency section */

/* Begin XCBuildConfiguration section */
		F8532B192D55FAF800A529A4 /* Debug */ = {
			isa = XCBuildConfiguration;
			buildSettings = {
				ALWAYS_SEARCH_USER_PATHS = NO;
				ASSETCATALOG_COMPILER_GENERATE_SWIFT_ASSET_SYMBOL_EXTENSIONS = YES;
				CLANG_ANALYZER_NONNULL = YES;
				CLANG_ANALYZER_NUMBER_OBJECT_CONVERSION = YES_AGGRESSIVE;
				CLANG_CXX_LANGUAGE_STANDARD = "gnu++20";
				CLANG_ENABLE_MODULES = YES;
				CLANG_ENABLE_OBJC_ARC = YES;
				CLANG_ENABLE_OBJC_WEAK = YES;
				CLANG_WARN_BLOCK_CAPTURE_AUTORELEASING = YES;
				CLANG_WARN_BOOL_CONVERSION = YES;
				CLANG_WARN_COMMA = YES;
				CLANG_WARN_CONSTANT_CONVERSION = YES;
				CLANG_WARN_DEPRECATED_OBJC_IMPLEMENTATIONS = YES;
				CLANG_WARN_DIRECT_OBJC_ISA_USAGE = YES_ERROR;
				CLANG_WARN_DOCUMENTATION_COMMENTS = YES;
				CLANG_WARN_EMPTY_BODY = YES;
				CLANG_WARN_ENUM_CONVERSION = YES;
				CLANG_WARN_INFINITE_RECURSION = YES;
				CLANG_WARN_INT_CONVERSION = YES;
				CLANG_WARN_NON_LITERAL_NULL_CONVERSION = YES;
				CLANG_WARN_OBJC_IMPLICIT_RETAIN_SELF = YES;
				CLANG_WARN_OBJC_LITERAL_CONVERSION = YES;
				CLANG_WARN_OBJC_ROOT_CLASS = YES_ERROR;
				CLANG_WARN_QUOTED_INCLUDE_IN_FRAMEWORK_HEADER = YES;
				CLANG_WARN_RANGE_LOOP_ANALYSIS = YES;
				CLANG_WARN_STRICT_PROTOTYPES = YES;
				CLANG_WARN_SUSPICIOUS_MOVE = YES;
				CLANG_WARN_UNGUARDED_AVAILABILITY = YES_AGGRESSIVE;
				CLANG_WARN_UNREACHABLE_CODE = YES;
				CLANG_WARN__DUPLICATE_METHOD_MATCH = YES;
				COPY_PHASE_STRIP = NO;
				DEBUG_INFORMATION_FORMAT = dwarf;
				ENABLE_STRICT_OBJC_MSGSEND = YES;
				ENABLE_TESTABILITY = YES;
				ENABLE_USER_SCRIPT_SANDBOXING = YES;
				GCC_C_LANGUAGE_STANDARD = gnu17;
				GCC_DYNAMIC_NO_PIC = NO;
				GCC_NO_COMMON_BLOCKS = YES;
				GCC_OPTIMIZATION_LEVEL = 0;
				GCC_PREPROCESSOR_DEFINITIONS = (
					"DEBUG=1",
					"$(inherited)",
				);
				GCC_WARN_64_TO_32_BIT_CONVERSION = YES;
				GCC_WARN_ABOUT_RETURN_TYPE = YES_ERROR;
				GCC_WARN_UNDECLARED_SELECTOR = YES;
				GCC_WARN_UNINITIALIZED_AUTOS = YES_AGGRESSIVE;
				GCC_WARN_UNUSED_FUNCTION = YES;
				GCC_WARN_UNUSED_VARIABLE = YES;
				IPHONEOS_DEPLOYMENT_TARGET = 18.2;
				LOCALIZATION_PREFERS_STRING_CATALOGS = YES;
				MTL_ENABLE_DEBUG_INFO = INCLUDE_SOURCE;
				MTL_FAST_MATH = YES;
				ONLY_ACTIVE_ARCH = YES;
				SDKROOT = iphoneos;
				SWIFT_ACTIVE_COMPILATION_CONDITIONS = "DEBUG $(inherited)";
				SWIFT_OPTIMIZATION_LEVEL = "-Onone";
			};
			name = Debug;
		};
		F8532B1A2D55FAF800A529A4 /* Release */ = {
			isa = XCBuildConfiguration;
			buildSettings = {
				ALWAYS_SEARCH_USER_PATHS = NO;
				ASSETCATALOG_COMPILER_GENERATE_SWIFT_ASSET_SYMBOL_EXTENSIONS = YES;
				CLANG_ANALYZER_NONNULL = YES;
				CLANG_ANALYZER_NUMBER_OBJECT_CONVERSION = YES_AGGRESSIVE;
				CLANG_CXX_LANGUAGE_STANDARD = "gnu++20";
				CLANG_ENABLE_MODULES = YES;
				CLANG_ENABLE_OBJC_ARC = YES;
				CLANG_ENABLE_OBJC_WEAK = YES;
				CLANG_WARN_BLOCK_CAPTURE_AUTORELEASING = YES;
				CLANG_WARN_BOOL_CONVERSION = YES;
				CLANG_WARN_COMMA = YES;
				CLANG_WARN_CONSTANT_CONVERSION = YES;
				CLANG_WARN_DEPRECATED_OBJC_IMPLEMENTATIONS = YES;
				CLANG_WARN_DIRECT_OBJC_ISA_USAGE = YES_ERROR;
				CLANG_WARN_DOCUMENTATION_COMMENTS = YES;
				CLANG_WARN_EMPTY_BODY = YES;
				CLANG_WARN_ENUM_CONVERSION = YES;
				CLANG_WARN_INFINITE_RECURSION = YES;
				CLANG_WARN_INT_CONVERSION = YES;
				CLANG_WARN_NON_LITERAL_NULL_CONVERSION = YES;
				CLANG_WARN_OBJC_IMPLICIT_RETAIN_SELF = YES;
				CLANG_WARN_OBJC_LITERAL_CONVERSION = YES;
				CLANG_WARN_OBJC_ROOT_CLASS = YES_ERROR;
				CLANG_WARN_QUOTED_INCLUDE_IN_FRAMEWORK_HEADER = YES;
				CLANG_WARN_RANGE_LOOP_ANALYSIS = YES;
				CLANG_WARN_STRICT_PROTOTYPES = YES;
				CLANG_WARN_SUSPICIOUS_MOVE = YES;
				CLANG_WARN_UNGUARDED_AVAILABILITY = YES_AGGRESSIVE;
				CLANG_WARN_UNREACHABLE_CODE = YES;
				CLANG_WARN__DUPLICATE_METHOD_MATCH = YES;
				COPY_PHASE_STRIP = NO;
				DEBUG_INFORMATION_FORMAT = "dwarf-with-dsym";
				ENABLE_NS_ASSERTIONS = NO;
				ENABLE_STRICT_OBJC_MSGSEND = YES;
				ENABLE_USER_SCRIPT_SANDBOXING = YES;
				GCC_C_LANGUAGE_STANDARD = gnu17;
				GCC_NO_COMMON_BLOCKS = YES;
				GCC_WARN_64_TO_32_BIT_CONVERSION = YES;
				GCC_WARN_ABOUT_RETURN_TYPE = YES_ERROR;
				GCC_WARN_UNDECLARED_SELECTOR = YES;
				GCC_WARN_UNINITIALIZED_AUTOS = YES_AGGRESSIVE;
				GCC_WARN_UNUSED_FUNCTION = YES;
				GCC_WARN_UNUSED_VARIABLE = YES;
				IPHONEOS_DEPLOYMENT_TARGET = 18.2;
				LOCALIZATION_PREFERS_STRING_CATALOGS = YES;
				MTL_ENABLE_DEBUG_INFO = NO;
				MTL_FAST_MATH = YES;
				SDKROOT = iphoneos;
				SWIFT_COMPILATION_MODE = wholemodule;
				VALIDATE_PRODUCT = YES;
			};
			name = Release;
		};
		F8532B1C2D55FAF800A529A4 /* Debug */ = {
			isa = XCBuildConfiguration;
			buildSettings = {
				ASSETCATALOG_COMPILER_APPICON_NAME = AppIcon;
				ASSETCATALOG_COMPILER_GLOBAL_ACCENT_COLOR_NAME = AccentColor;
				CODE_SIGN_STYLE = Automatic;
				CURRENT_PROJECT_VERSION = 1;
				DEVELOPMENT_ASSET_PATHS = "\"DigitalWalletPrototype/Preview Content\"";
				ENABLE_PREVIEWS = YES;
				GENERATE_INFOPLIST_FILE = YES;
				INFOPLIST_KEY_UIApplicationSceneManifest_Generation = YES;
				INFOPLIST_KEY_UIApplicationSupportsIndirectInputEvents = YES;
				INFOPLIST_KEY_UILaunchScreen_Generation = YES;
				INFOPLIST_KEY_UISupportedInterfaceOrientations_iPad = "UIInterfaceOrientationPortrait UIInterfaceOrientationPortraitUpsideDown UIInterfaceOrientationLandscapeLeft UIInterfaceOrientationLandscapeRight";
				INFOPLIST_KEY_UISupportedInterfaceOrientations_iPhone = "UIInterfaceOrientationPortrait UIInterfaceOrientationLandscapeLeft UIInterfaceOrientationLandscapeRight";
				LD_RUNPATH_SEARCH_PATHS = (
					"$(inherited)",
					"@executable_path/Frameworks",
				);
				MARKETING_VERSION = 1.0;
				PRODUCT_BUNDLE_IDENTIFIER = elev8.DigitalWalletPrototype;
				PRODUCT_NAME = "$(TARGET_NAME)";
				SWIFT_EMIT_LOC_STRINGS = YES;
				SWIFT_VERSION = 5.0;
				TARGETED_DEVICE_FAMILY = "1,2";
			};
			name = Debug;
		};
		F8532B1D2D55FAF800A529A4 /* Release */ = {
			isa = XCBuildConfiguration;
			buildSettings = {
				ASSETCATALOG_COMPILER_APPICON_NAME = AppIcon;
				ASSETCATALOG_COMPILER_GLOBAL_ACCENT_COLOR_NAME = AccentColor;
				CODE_SIGN_STYLE = Automatic;
				CURRENT_PROJECT_VERSION = 1;
				DEVELOPMENT_ASSET_PATHS = "\"DigitalWalletPrototype/Preview Content\"";
				ENABLE_PREVIEWS = YES;
				GENERATE_INFOPLIST_FILE = YES;
				INFOPLIST_KEY_UIApplicationSceneManifest_Generation = YES;
				INFOPLIST_KEY_UIApplicationSupportsIndirectInputEvents = YES;
				INFOPLIST_KEY_UILaunchScreen_Generation = YES;
				INFOPLIST_KEY_UISupportedInterfaceOrientations_iPad = "UIInterfaceOrientationPortrait UIInterfaceOrientationPortraitUpsideDown UIInterfaceOrientationLandscapeLeft UIInterfaceOrientationLandscapeRight";
				INFOPLIST_KEY_UISupportedInterfaceOrientations_iPhone = "UIInterfaceOrientationPortrait UIInterfaceOrientationLandscapeLeft UIInterfaceOrientationLandscapeRight";
				LD_RUNPATH_SEARCH_PATHS = (
					"$(inherited)",
					"@executable_path/Frameworks",
				);
				MARKETING_VERSION = 1.0;
				PRODUCT_BUNDLE_IDENTIFIER = elev8.DigitalWalletPrototype;
				PRODUCT_NAME = "$(TARGET_NAME)";
				SWIFT_EMIT_LOC_STRINGS = YES;
				SWIFT_VERSION = 5.0;
				TARGETED_DEVICE_FAMILY = "1,2";
			};
			name = Release;
		};
		F8532B1F2D55FAF800A529A4 /* Debug */ = {
			isa = XCBuildConfiguration;
			buildSettings = {
				BUNDLE_LOADER = "$(TEST_HOST)";
				CODE_SIGN_STYLE = Automatic;
				CURRENT_PROJECT_VERSION = 1;
				GENERATE_INFOPLIST_FILE = YES;
				IPHONEOS_DEPLOYMENT_TARGET = 18.2;
				MARKETING_VERSION = 1.0;
				PRODUCT_BUNDLE_IDENTIFIER = elev8.DigitalWalletPrototypeTests;
				PRODUCT_NAME = "$(TARGET_NAME)";
				SWIFT_EMIT_LOC_STRINGS = NO;
				SWIFT_VERSION = 5.0;
				TARGETED_DEVICE_FAMILY = "1,2";
				TEST_HOST = "$(BUILT_PRODUCTS_DIR)/DigitalWalletPrototype.app/$(BUNDLE_EXECUTABLE_FOLDER_PATH)/DigitalWalletPrototype";
			};
			name = Debug;
		};
		F8532B202D55FAF800A529A4 /* Release */ = {
			isa = XCBuildConfiguration;
			buildSettings = {
				BUNDLE_LOADER = "$(TEST_HOST)";
				CODE_SIGN_STYLE = Automatic;
				CURRENT_PROJECT_VERSION = 1;
				GENERATE_INFOPLIST_FILE = YES;
				IPHONEOS_DEPLOYMENT_TARGET = 18.2;
				MARKETING_VERSION = 1.0;
				PRODUCT_BUNDLE_IDENTIFIER = elev8.DigitalWalletPrototypeTests;
				PRODUCT_NAME = "$(TARGET_NAME)";
				SWIFT_EMIT_LOC_STRINGS = NO;
				SWIFT_VERSION = 5.0;
				TARGETED_DEVICE_FAMILY = "1,2";
				TEST_HOST = "$(BUILT_PRODUCTS_DIR)/DigitalWalletPrototype.app/$(BUNDLE_EXECUTABLE_FOLDER_PATH)/DigitalWalletPrototype";
			};
			name = Release;
		};
		F8532B222D55FAF800A529A4 /* Debug */ = {
			isa = XCBuildConfiguration;
			buildSettings = {
				CODE_SIGN_STYLE = Automatic;
				CURRENT_PROJECT_VERSION = 1;
				GENERATE_INFOPLIST_FILE = YES;
				MARKETING_VERSION = 1.0;
				PRODUCT_BUNDLE_IDENTIFIER = elev8.DigitalWalletPrototypeUITests;
				PRODUCT_NAME = "$(TARGET_NAME)";
				SWIFT_EMIT_LOC_STRINGS = NO;
				SWIFT_VERSION = 5.0;
				TARGETED_DEVICE_FAMILY = "1,2";
				TEST_TARGET_NAME = DigitalWalletPrototype;
			};
			name = Debug;
		};
		F8532B232D55FAF800A529A4 /* Release */ = {
			isa = XCBuildConfiguration;
			buildSettings = {
				CODE_SIGN_STYLE = Automatic;
				CURRENT_PROJECT_VERSION = 1;
				GENERATE_INFOPLIST_FILE = YES;
				MARKETING_VERSION = 1.0;
				PRODUCT_BUNDLE_IDENTIFIER = elev8.DigitalWalletPrototypeUITests;
				PRODUCT_NAME = "$(TARGET_NAME)";
				SWIFT_EMIT_LOC_STRINGS = NO;
				SWIFT_VERSION = 5.0;
				TARGETED_DEVICE_FAMILY = "1,2";
				TEST_TARGET_NAME = DigitalWalletPrototype;
			};
			name = Release;
		};
/* End XCBuildConfiguration section */

/* Begin XCConfigurationList section */
		F8532AF02D55FAF700A529A4 /* Build configuration list for PBXProject "DigitalWalletPrototype" */ = {
			isa = XCConfigurationList;
			buildConfigurations = (
				F8532B192D55FAF800A529A4 /* Debug */,
				F8532B1A2D55FAF800A529A4 /* Release */,
			);
			defaultConfigurationIsVisible = 0;
			defaultConfigurationName = Release;
		};
		F8532B1B2D55FAF800A529A4 /* Build configuration list for PBXNativeTarget "DigitalWalletPrototype" */ = {
			isa = XCConfigurationList;
			buildConfigurations = (
				F8532B1C2D55FAF800A529A4 /* Debug */,
				F8532B1D2D55FAF800A529A4 /* Release */,
			);
			defaultConfigurationIsVisible = 0;
			defaultConfigurationName = Release;
		};
		F8532B1E2D55FAF800A529A4 /* Build configuration list for PBXNativeTarget "DigitalWalletPrototypeTests" */ = {
			isa = XCConfigurationList;
			buildConfigurations = (
				F8532B1F2D55FAF800A529A4 /* Debug */,
				F8532B202D55FAF800A529A4 /* Release */,
			);
			defaultConfigurationIsVisible = 0;
			defaultConfigurationName = Release;
		};
		F8532B212D55FAF800A529A4 /* Build configuration list for PBXNativeTarget "DigitalWalletPrototypeUITests" */ = {
			isa = XCConfigurationList;
			buildConfigurations = (
				F8532B222D55FAF800A529A4 /* Debug */,
				F8532B232D55FAF800A529A4 /* Release */,
			);
			defaultConfigurationIsVisible = 0;
			defaultConfigurationName = Release;
		};
/* End XCConfigurationList section */
	};
	rootObject = F8532AED2D55FAF700A529A4 /* Project object */;
}
